// !$*UTF8*$!
{
	archiveVersion = 1;
	classes = {
	};
	objectVersion = 46;
	objects = {

/* Begin PBXBuildFile section */
		02E8058D1D1EEF2700F7EC30 /* AppDelegate.swift in Sources */ = {isa = PBXBuildFile; fileRef = 02E8058C1D1EEF2700F7EC30 /* AppDelegate.swift */; };
		02E8058F1D1EEF2700F7EC30 /* ViewController.swift in Sources */ = {isa = PBXBuildFile; fileRef = 02E8058E1D1EEF2700F7EC30 /* ViewController.swift */; };
		02E805921D1EEF2700F7EC30 /* Main.storyboard in Resources */ = {isa = PBXBuildFile; fileRef = 02E805901D1EEF2700F7EC30 /* Main.storyboard */; };
		02E805941D1EEF2700F7EC30 /* Assets.xcassets in Resources */ = {isa = PBXBuildFile; fileRef = 02E805931D1EEF2700F7EC30 /* Assets.xcassets */; };
		02E805971D1EEF2700F7EC30 /* LaunchScreen.storyboard in Resources */ = {isa = PBXBuildFile; fileRef = 02E805951D1EEF2700F7EC30 /* LaunchScreen.storyboard */; };
		02E805A21D1EEF2700F7EC30 /* health_iosTests.swift in Sources */ = {isa = PBXBuildFile; fileRef = 02E805A11D1EEF2700F7EC30 /* health_iosTests.swift */; };
		02E805AD1D1EEF2700F7EC30 /* health_iosUITests.swift in Sources */ = {isa = PBXBuildFile; fileRef = 02E805AC1D1EEF2700F7EC30 /* health_iosUITests.swift */; };
/* End PBXBuildFile section */

/* Begin PBXContainerItemProxy section */
		02E8059E1D1EEF2700F7EC30 /* PBXContainerItemProxy */ = {
			isa = PBXContainerItemProxy;
			containerPortal = 02E805811D1EEF2700F7EC30 /* Project object */;
			proxyType = 1;
			remoteGlobalIDString = 02E805881D1EEF2700F7EC30;
			remoteInfo = "health-ios";
		};
		02E805A91D1EEF2700F7EC30 /* PBXContainerItemProxy */ = {
			isa = PBXContainerItemProxy;
			containerPortal = 02E805811D1EEF2700F7EC30 /* Project object */;
			proxyType = 1;
			remoteGlobalIDString = 02E805881D1EEF2700F7EC30;
			remoteInfo = "health-ios";
		};
/* End PBXContainerItemProxy section */

/* Begin PBXFileReference section */
		02E805891D1EEF2700F7EC30 /* health-ios.app */ = {isa = PBXFileReference; explicitFileType = wrapper.application; includeInIndex = 0; path = "health-ios.app"; sourceTree = BUILT_PRODUCTS_DIR; };
		02E8058C1D1EEF2700F7EC30 /* AppDelegate.swift */ = {isa = PBXFileReference; lastKnownFileType = sourcecode.swift; path = AppDelegate.swift; sourceTree = "<group>"; };
		02E8058E1D1EEF2700F7EC30 /* ViewController.swift */ = {isa = PBXFileReference; lastKnownFileType = sourcecode.swift; path = ViewController.swift; sourceTree = "<group>"; };
		02E805911D1EEF2700F7EC30 /* Base */ = {isa = PBXFileReference; lastKnownFileType = file.storyboard; name = Base; path = Base.lproj/Main.storyboard; sourceTree = "<group>"; };
		02E805931D1EEF2700F7EC30 /* Assets.xcassets */ = {isa = PBXFileReference; lastKnownFileType = folder.assetcatalog; path = Assets.xcassets; sourceTree = "<group>"; };
		02E805961D1EEF2700F7EC30 /* Base */ = {isa = PBXFileReference; lastKnownFileType = file.storyboard; name = Base; path = Base.lproj/LaunchScreen.storyboard; sourceTree = "<group>"; };
		02E805981D1EEF2700F7EC30 /* Info.plist */ = {isa = PBXFileReference; lastKnownFileType = text.plist.xml; path = Info.plist; sourceTree = "<group>"; };
		02E8059D1D1EEF2700F7EC30 /* health-iosTests.xctest */ = {isa = PBXFileReference; explicitFileType = wrapper.cfbundle; includeInIndex = 0; path = "health-iosTests.xctest"; sourceTree = BUILT_PRODUCTS_DIR; };
		02E805A11D1EEF2700F7EC30 /* health_iosTests.swift */ = {isa = PBXFileReference; lastKnownFileType = sourcecode.swift; path = health_iosTests.swift; sourceTree = "<group>"; };
		02E805A31D1EEF2700F7EC30 /* Info.plist */ = {isa = PBXFileReference; lastKnownFileType = text.plist.xml; path = Info.plist; sourceTree = "<group>"; };
		02E805A81D1EEF2700F7EC30 /* health-iosUITests.xctest */ = {isa = PBXFileReference; explicitFileType = wrapper.cfbundle; includeInIndex = 0; path = "health-iosUITests.xctest"; sourceTree = BUILT_PRODUCTS_DIR; };
		02E805AC1D1EEF2700F7EC30 /* health_iosUITests.swift */ = {isa = PBXFileReference; lastKnownFileType = sourcecode.swift; path = health_iosUITests.swift; sourceTree = "<group>"; };
		02E805AE1D1EEF2700F7EC30 /* Info.plist */ = {isa = PBXFileReference; lastKnownFileType = text.plist.xml; path = Info.plist; sourceTree = "<group>"; };
/* End PBXFileReference section */

/* Begin PBXFrameworksBuildPhase section */
		02E805861D1EEF2700F7EC30 /* Frameworks */ = {
			isa = PBXFrameworksBuildPhase;
			buildActionMask = 2147483647;
			files = (
			);
			runOnlyForDeploymentPostprocessing = 0;
		};
		02E8059A1D1EEF2700F7EC30 /* Frameworks */ = {
			isa = PBXFrameworksBuildPhase;
			buildActionMask = 2147483647;
			files = (
			);
			runOnlyForDeploymentPostprocessing = 0;
		};
		02E805A51D1EEF2700F7EC30 /* Frameworks */ = {
			isa = PBXFrameworksBuildPhase;
			buildActionMask = 2147483647;
			files = (
			);
			runOnlyForDeploymentPostprocessing = 0;
		};
/* End PBXFrameworksBuildPhase section */

/* Begin PBXGroup section */
		02E805801D1EEF2700F7EC30 = {
			isa = PBXGroup;
			children = (
				02E8058B1D1EEF2700F7EC30 /* health-ios */,
				02E805A01D1EEF2700F7EC30 /* health-iosTests */,
				02E805AB1D1EEF2700F7EC30 /* health-iosUITests */,
				02E8058A1D1EEF2700F7EC30 /* Products */,
			);
			sourceTree = "<group>";
		};
		02E8058A1D1EEF2700F7EC30 /* Products */ = {
			isa = PBXGroup;
			children = (
				02E805891D1EEF2700F7EC30 /* health-ios.app */,
				02E8059D1D1EEF2700F7EC30 /* health-iosTests.xctest */,
				02E805A81D1EEF2700F7EC30 /* health-iosUITests.xctest */,
			);
			name = Products;
			sourceTree = "<group>";
		};
		02E8058B1D1EEF2700F7EC30 /* health-ios */ = {
			isa = PBXGroup;
			children = (
				02E8058C1D1EEF2700F7EC30 /* AppDelegate.swift */,
				02E8058E1D1EEF2700F7EC30 /* ViewController.swift */,
				02E805901D1EEF2700F7EC30 /* Main.storyboard */,
				02E805931D1EEF2700F7EC30 /* Assets.xcassets */,
				02E805951D1EEF2700F7EC30 /* LaunchScreen.storyboard */,
				02E805981D1EEF2700F7EC30 /* Info.plist */,
			);
			path = "health-ios";
			sourceTree = "<group>";
		};
		02E805A01D1EEF2700F7EC30 /* health-iosTests */ = {
			isa = PBXGroup;
			children = (
				02E805A11D1EEF2700F7EC30 /* health_iosTests.swift */,
				02E805A31D1EEF2700F7EC30 /* Info.plist */,
			);
			path = "health-iosTests";
			sourceTree = "<group>";
		};
		02E805AB1D1EEF2700F7EC30 /* health-iosUITests */ = {
			isa = PBXGroup;
			children = (
				02E805AC1D1EEF2700F7EC30 /* health_iosUITests.swift */,
				02E805AE1D1EEF2700F7EC30 /* Info.plist */,
			);
			path = "health-iosUITests";
			sourceTree = "<group>";
		};
/* End PBXGroup section */

/* Begin PBXNativeTarget section */
		02E805881D1EEF2700F7EC30 /* health-ios */ = {
			isa = PBXNativeTarget;
			buildConfigurationList = 02E805B11D1EEF2700F7EC30 /* Build configuration list for PBXNativeTarget "health-ios" */;
			buildPhases = (
				02E805851D1EEF2700F7EC30 /* Sources */,
				02E805861D1EEF2700F7EC30 /* Frameworks */,
				02E805871D1EEF2700F7EC30 /* Resources */,
			);
			buildRules = (
			);
			dependencies = (
			);
			name = "health-ios";
			productName = "health-ios";
			productReference = 02E805891D1EEF2700F7EC30 /* health-ios.app */;
			productType = "com.apple.product-type.application";
		};
		02E8059C1D1EEF2700F7EC30 /* health-iosTests */ = {
			isa = PBXNativeTarget;
			buildConfigurationList = 02E805B41D1EEF2700F7EC30 /* Build configuration list for PBXNativeTarget "health-iosTests" */;
			buildPhases = (
				02E805991D1EEF2700F7EC30 /* Sources */,
				02E8059A1D1EEF2700F7EC30 /* Frameworks */,
				02E8059B1D1EEF2700F7EC30 /* Resources */,
			);
			buildRules = (
			);
			dependencies = (
				02E8059F1D1EEF2700F7EC30 /* PBXTargetDependency */,
			);
			name = "health-iosTests";
			productName = "health-iosTests";
			productReference = 02E8059D1D1EEF2700F7EC30 /* health-iosTests.xctest */;
			productType = "com.apple.product-type.bundle.unit-test";
		};
		02E805A71D1EEF2700F7EC30 /* health-iosUITests */ = {
			isa = PBXNativeTarget;
			buildConfigurationList = 02E805B71D1EEF2700F7EC30 /* Build configuration list for PBXNativeTarget "health-iosUITests" */;
			buildPhases = (
				02E805A41D1EEF2700F7EC30 /* Sources */,
				02E805A51D1EEF2700F7EC30 /* Frameworks */,
				02E805A61D1EEF2700F7EC30 /* Resources */,
			);
			buildRules = (
			);
			dependencies = (
				02E805AA1D1EEF2700F7EC30 /* PBXTargetDependency */,
			);
			name = "health-iosUITests";
			productName = "health-iosUITests";
			productReference = 02E805A81D1EEF2700F7EC30 /* health-iosUITests.xctest */;
			productType = "com.apple.product-type.bundle.ui-testing";
		};
/* End PBXNativeTarget section */

/* Begin PBXProject section */
		02E805811D1EEF2700F7EC30 /* Project object */ = {
			isa = PBXProject;
			attributes = {
				LastSwiftUpdateCheck = 0730;
				LastUpgradeCheck = 0730;
				ORGANIZATIONNAME = "Jesse Liang";
				TargetAttributes = {
					02E805881D1EEF2700F7EC30 = {
						CreatedOnToolsVersion = 7.3.1;
						DevelopmentTeam = H598HBDDJ8;
					};
					02E8059C1D1EEF2700F7EC30 = {
						CreatedOnToolsVersion = 7.3.1;
						DevelopmentTeam = H598HBDDJ8;
						TestTargetID = 02E805881D1EEF2700F7EC30;
					};
					02E805A71D1EEF2700F7EC30 = {
						CreatedOnToolsVersion = 7.3.1;
						DevelopmentTeam = H598HBDDJ8;
						TestTargetID = 02E805881D1EEF2700F7EC30;
					};
				};
			};
			buildConfigurationList = 02E805841D1EEF2700F7EC30 /* Build configuration list for PBXProject "health-ios" */;
			compatibilityVersion = "Xcode 3.2";
			developmentRegion = English;
			hasScannedForEncodings = 0;
			knownRegions = (
				en,
				Base,
			);
			mainGroup = 02E805801D1EEF2700F7EC30;
			productRefGroup = 02E8058A1D1EEF2700F7EC30 /* Products */;
			projectDirPath = "";
			projectRoot = "";
			targets = (
				02E805881D1EEF2700F7EC30 /* health-ios */,
				02E8059C1D1EEF2700F7EC30 /* health-iosTests */,
				02E805A71D1EEF2700F7EC30 /* health-iosUITests */,
			);
		};
/* End PBXProject section */

/* Begin PBXResourcesBuildPhase section */
		02E805871D1EEF2700F7EC30 /* Resources */ = {
			isa = PBXResourcesBuildPhase;
			buildActionMask = 2147483647;
			files = (
				02E805971D1EEF2700F7EC30 /* LaunchScreen.storyboard in Resources */,
				02E805941D1EEF2700F7EC30 /* Assets.xcassets in Resources */,
				02E805921D1EEF2700F7EC30 /* Main.storyboard in Resources */,
			);
			runOnlyForDeploymentPostprocessing = 0;
		};
		02E8059B1D1EEF2700F7EC30 /* Resources */ = {
			isa = PBXResourcesBuildPhase;
			buildActionMask = 2147483647;
			files = (
			);
			runOnlyForDeploymentPostprocessing = 0;
		};
		02E805A61D1EEF2700F7EC30 /* Resources */ = {
			isa = PBXResourcesBuildPhase;
			buildActionMask = 2147483647;
			files = (
			);
			runOnlyForDeploymentPostprocessing = 0;
		};
/* End PBXResourcesBuildPhase section */

/* Begin PBXSourcesBuildPhase section */
		02E805851D1EEF2700F7EC30 /* Sources */ = {
			isa = PBXSourcesBuildPhase;
			buildActionMask = 2147483647;
			files = (
				02E8058F1D1EEF2700F7EC30 /* ViewController.swift in Sources */,
				02E8058D1D1EEF2700F7EC30 /* AppDelegate.swift in Sources */,
			);
			runOnlyForDeploymentPostprocessing = 0;
		};
		02E805991D1EEF2700F7EC30 /* Sources */ = {
			isa = PBXSourcesBuildPhase;
			buildActionMask = 2147483647;
			files = (
				02E805A21D1EEF2700F7EC30 /* health_iosTests.swift in Sources */,
			);
			runOnlyForDeploymentPostprocessing = 0;
		};
		02E805A41D1EEF2700F7EC30 /* Sources */ = {
			isa = PBXSourcesBuildPhase;
			buildActionMask = 2147483647;
			files = (
				02E805AD1D1EEF2700F7EC30 /* health_iosUITests.swift in Sources */,
			);
			runOnlyForDeploymentPostprocessing = 0;
		};
/* End PBXSourcesBuildPhase section */

/* Begin PBXTargetDependency section */
		02E8059F1D1EEF2700F7EC30 /* PBXTargetDependency */ = {
			isa = PBXTargetDependency;
			target = 02E805881D1EEF2700F7EC30 /* health-ios */;
			targetProxy = 02E8059E1D1EEF2700F7EC30 /* PBXContainerItemProxy */;
		};
		02E805AA1D1EEF2700F7EC30 /* PBXTargetDependency */ = {
			isa = PBXTargetDependency;
			target = 02E805881D1EEF2700F7EC30 /* health-ios */;
			targetProxy = 02E805A91D1EEF2700F7EC30 /* PBXContainerItemProxy */;
		};
/* End PBXTargetDependency section */

/* Begin PBXVariantGroup section */
		02E805901D1EEF2700F7EC30 /* Main.storyboard */ = {
			isa = PBXVariantGroup;
			children = (
				02E805911D1EEF2700F7EC30 /* Base */,
			);
			name = Main.storyboard;
			sourceTree = "<group>";
		};
		02E805951D1EEF2700F7EC30 /* LaunchScreen.storyboard */ = {
			isa = PBXVariantGroup;
			children = (
				02E805961D1EEF2700F7EC30 /* Base */,
			);
			name = LaunchScreen.storyboard;
			sourceTree = "<group>";
		};
/* End PBXVariantGroup section */

/* Begin XCBuildConfiguration section */
		02E805AF1D1EEF2700F7EC30 /* Debug */ = {
			isa = XCBuildConfiguration;
			buildSettings = {
				ALWAYS_SEARCH_USER_PATHS = NO;
				CLANG_ANALYZER_NONNULL = YES;
				CLANG_CXX_LANGUAGE_STANDARD = "gnu++0x";
				CLANG_CXX_LIBRARY = "libc++";
				CLANG_ENABLE_MODULES = YES;
				CLANG_ENABLE_OBJC_ARC = YES;
				CLANG_WARN_BOOL_CONVERSION = YES;
				CLANG_WARN_CONSTANT_CONVERSION = YES;
				CLANG_WARN_DIRECT_OBJC_ISA_USAGE = YES_ERROR;
				CLANG_WARN_EMPTY_BODY = YES;
				CLANG_WARN_ENUM_CONVERSION = YES;
				CLANG_WARN_INT_CONVERSION = YES;
				CLANG_WARN_OBJC_ROOT_CLASS = YES_ERROR;
				CLANG_WARN_UNREACHABLE_CODE = YES;
				CLANG_WARN__DUPLICATE_METHOD_MATCH = YES;
				"CODE_SIGN_IDENTITY[sdk=iphoneos*]" = "iPhone Developer";
				COPY_PHASE_STRIP = NO;
				DEBUG_INFORMATION_FORMAT = dwarf;
				ENABLE_STRICT_OBJC_MSGSEND = YES;
				ENABLE_TESTABILITY = YES;
				GCC_C_LANGUAGE_STANDARD = gnu99;
				GCC_DYNAMIC_NO_PIC = NO;
				GCC_NO_COMMON_BLOCKS = YES;
				GCC_OPTIMIZATION_LEVEL = 0;
				GCC_PREPROCESSOR_DEFINITIONS = (
					"DEBUG=1",
					"$(inherited)",
				);
				GCC_WARN_64_TO_32_BIT_CONVERSION = YES;
				GCC_WARN_ABOUT_RETURN_TYPE = YES_ERROR;
				GCC_WARN_UNDECLARED_SELECTOR = YES;
				GCC_WARN_UNINITIALIZED_AUTOS = YES_AGGRESSIVE;
				GCC_WARN_UNUSED_FUNCTION = YES;
				GCC_WARN_UNUSED_VARIABLE = YES;
				IPHONEOS_DEPLOYMENT_TARGET = 9.3;
				MTL_ENABLE_DEBUG_INFO = YES;
				ONLY_ACTIVE_ARCH = YES;
				SDKROOT = iphoneos;
				SWIFT_OPTIMIZATION_LEVEL = "-Onone";
				TARGETED_DEVICE_FAMILY = "1,2";
			};
			name = Debug;
		};
		02E805B01D1EEF2700F7EC30 /* Release */ = {
			isa = XCBuildConfiguration;
			buildSettings = {
				ALWAYS_SEARCH_USER_PATHS = NO;
				CLANG_ANALYZER_NONNULL = YES;
				CLANG_CXX_LANGUAGE_STANDARD = "gnu++0x";
				CLANG_CXX_LIBRARY = "libc++";
				CLANG_ENABLE_MODULES = YES;
				CLANG_ENABLE_OBJC_ARC = YES;
				CLANG_WARN_BOOL_CONVERSION = YES;
				CLANG_WARN_CONSTANT_CONVERSION = YES;
				CLANG_WARN_DIRECT_OBJC_ISA_USAGE = YES_ERROR;
				CLANG_WARN_EMPTY_BODY = YES;
				CLANG_WARN_ENUM_CONVERSION = YES;
				CLANG_WARN_INT_CONVERSION = YES;
				CLANG_WARN_OBJC_ROOT_CLASS = YES_ERROR;
				CLANG_WARN_UNREACHABLE_CODE = YES;
				CLANG_WARN__DUPLICATE_METHOD_MATCH = YES;
				"CODE_SIGN_IDENTITY[sdk=iphoneos*]" = "iPhone Developer";
				COPY_PHASE_STRIP = NO;
				DEBUG_INFORMATION_FORMAT = "dwarf-with-dsym";
				ENABLE_NS_ASSERTIONS = NO;
				ENABLE_STRICT_OBJC_MSGSEND = YES;
				GCC_C_LANGUAGE_STANDARD = gnu99;
				GCC_NO_COMMON_BLOCKS = YES;
				GCC_WARN_64_TO_32_BIT_CONVERSION = YES;
				GCC_WARN_ABOUT_RETURN_TYPE = YES_ERROR;
				GCC_WARN_UNDECLARED_SELECTOR = YES;
				GCC_WARN_UNINITIALIZED_AUTOS = YES_AGGRESSIVE;
				GCC_WARN_UNUSED_FUNCTION = YES;
				GCC_WARN_UNUSED_VARIABLE = YES;
				IPHONEOS_DEPLOYMENT_TARGET = 9.3;
				MTL_ENABLE_DEBUG_INFO = NO;
				SDKROOT = iphoneos;
				TARGETED_DEVICE_FAMILY = "1,2";
				VALIDATE_PRODUCT = YES;
			};
			name = Release;
		};
		02E805B21D1EEF2700F7EC30 /* Debug */ = {
			isa = XCBuildConfiguration;
			buildSettings = {
				ASSETCATALOG_COMPILER_APPICON_NAME = AppIcon;
				INFOPLIST_FILE = "health-ios/Info.plist";
				LD_RUNPATH_SEARCH_PATHS = "$(inherited) @executable_path/Frameworks";
				PRODUCT_BUNDLE_IDENTIFIER = "com.jesseliang.health-ios";
				PRODUCT_NAME = "$(TARGET_NAME)";
			};
			name = Debug;
		};
		02E805B31D1EEF2700F7EC30 /* Release */ = {
			isa = XCBuildConfiguration;
			buildSettings = {
				ASSETCATALOG_COMPILER_APPICON_NAME = AppIcon;
				INFOPLIST_FILE = "health-ios/Info.plist";
				LD_RUNPATH_SEARCH_PATHS = "$(inherited) @executable_path/Frameworks";
				PRODUCT_BUNDLE_IDENTIFIER = "com.jesseliang.health-ios";
				PRODUCT_NAME = "$(TARGET_NAME)";
			};
			name = Release;
		};
		02E805B51D1EEF2700F7EC30 /* Debug */ = {
			isa = XCBuildConfiguration;
			buildSettings = {
				BUNDLE_LOADER = "$(TEST_HOST)";
				INFOPLIST_FILE = "health-iosTests/Info.plist";
				LD_RUNPATH_SEARCH_PATHS = "$(inherited) @executable_path/Frameworks @loader_path/Frameworks";
				PRODUCT_BUNDLE_IDENTIFIER = "com.jesseliang.health-iosTests";
				PRODUCT_NAME = "$(TARGET_NAME)";
				TEST_HOST = "$(BUILT_PRODUCTS_DIR)/health-ios.app/health-ios";
			};
			name = Debug;
		};
		02E805B61D1EEF2700F7EC30 /* Release */ = {
			isa = XCBuildConfiguration;
			buildSettings = {
				BUNDLE_LOADER = "$(TEST_HOST)";
				INFOPLIST_FILE = "health-iosTests/Info.plist";
				LD_RUNPATH_SEARCH_PATHS = "$(inherited) @executable_path/Frameworks @loader_path/Frameworks";
				PRODUCT_BUNDLE_IDENTIFIER = "com.jesseliang.health-iosTests";
				PRODUCT_NAME = "$(TARGET_NAME)";
				TEST_HOST = "$(BUILT_PRODUCTS_DIR)/health-ios.app/health-ios";
			};
			name = Release;
		};
		02E805B81D1EEF2700F7EC30 /* Debug */ = {
			isa = XCBuildConfiguration;
			buildSettings = {
				INFOPLIST_FILE = "health-iosUITests/Info.plist";
				LD_RUNPATH_SEARCH_PATHS = "$(inherited) @executable_path/Frameworks @loader_path/Frameworks";
				PRODUCT_BUNDLE_IDENTIFIER = "com.jesseliang.health-iosUITests";
				PRODUCT_NAME = "$(TARGET_NAME)";
				TEST_TARGET_NAME = "health-ios";
			};
			name = Debug;
		};
		02E805B91D1EEF2700F7EC30 /* Release */ = {
			isa = XCBuildConfiguration;
			buildSettings = {
				INFOPLIST_FILE = "health-iosUITests/Info.plist";
				LD_RUNPATH_SEARCH_PATHS = "$(inherited) @executable_path/Frameworks @loader_path/Frameworks";
				PRODUCT_BUNDLE_IDENTIFIER = "com.jesseliang.health-iosUITests";
				PRODUCT_NAME = "$(TARGET_NAME)";
				TEST_TARGET_NAME = "health-ios";
			};
			name = Release;
		};
/* End XCBuildConfiguration section */

/* Begin XCConfigurationList section */
		02E805841D1EEF2700F7EC30 /* Build configuration list for PBXProject "health-ios" */ = {
			isa = XCConfigurationList;
			buildConfigurations = (
				02E805AF1D1EEF2700F7EC30 /* Debug */,
				02E805B01D1EEF2700F7EC30 /* Release */,
			);
			defaultConfigurationIsVisible = 0;
			defaultConfigurationName = Release;
		};
		02E805B11D1EEF2700F7EC30 /* Build configuration list for PBXNativeTarget "health-ios" */ = {
			isa = XCConfigurationList;
			buildConfigurations = (
				02E805B21D1EEF2700F7EC30 /* Debug */,
				02E805B31D1EEF2700F7EC30 /* Release */,
			);
			defaultConfigurationIsVisible = 0;
		};
		02E805B41D1EEF2700F7EC30 /* Build configuration list for PBXNativeTarget "health-iosTests" */ = {
			isa = XCConfigurationList;
			buildConfigurations = (
				02E805B51D1EEF2700F7EC30 /* Debug */,
				02E805B61D1EEF2700F7EC30 /* Release */,
			);
			defaultConfigurationIsVisible = 0;
		};
		02E805B71D1EEF2700F7EC30 /* Build configuration list for PBXNativeTarget "health-iosUITests" */ = {
			isa = XCConfigurationList;
			buildConfigurations = (
				02E805B81D1EEF2700F7EC30 /* Debug */,
				02E805B91D1EEF2700F7EC30 /* Release */,
			);
			defaultConfigurationIsVisible = 0;
		};
/* End XCConfigurationList section */
	};
	rootObject = 02E805811D1EEF2700F7EC30 /* Project object */;
}
